
Microsoft Visual Studio Solution File, Format Version 12.00
# Visual Studio Version 17
VisualStudioVersion = 17.6.33829.357
MinimumVisualStudioVersion = 10.0.40219.1
Project("{FAE04EC0-301F-11D3-BF4B-00C04F79EFBC}") = "StringCalculatorKata", "StringCalculatorKata\StringCalculatorKata.csproj", "{7EBE4B66-9FD3-4C88-8830-41CC29ED10A8}"
EndProject
Global
	GlobalSection(SolutionConfigurationPlatforms) = preSolution
		Debug|Any CPU = Debug|Any CPU
		Release|Any CPU = Release|Any CPU
	EndGlobalSection
	GlobalSection(ProjectConfigurationPlatforms) = postSolution
		{7EBE4B66-9FD3-4C88-8830-41CC29ED10A8}.Debug|Any CPU.ActiveCfg = Debug|Any CPU
		{7EBE4B66-9FD3-4C88-8830-41CC29ED10A8}.Debug|Any CPU.Build.0 = Debug|Any CPU
		{7EBE4B66-9FD3-4C88-8830-41CC29ED10A8}.Release|Any CPU.ActiveCfg = Release|Any CPU
		{7EBE4B66-9FD3-4C88-8830-41CC29ED10A8}.Release|Any CPU.Build.0 = Release|Any CPU
	EndGlobalSection
	GlobalSection(SolutionProperties) = preSolution
		HideSolutionNode = FALSE
	EndGlobalSection
	GlobalSection(ExtensibilityGlobals) = postSolution
		SolutionGuid = {64790A90-BB82-4688-8E11-8ED77F69074B}
	EndGlobalSection
EndGlobal
